
Microsoft Visual Studio Solution File, Format Version 12.00
# Visual Studio 15
VisualStudioVersion = 15.0.28010.0
MinimumVisualStudioVersion = 10.0.40219.1
Project("{9A19103F-16F7-4668-BE54-9A1E7A4F7556}") = "IDBQuery", "DBQuery\IDBQuery.csproj", "{08F25283-A98A-44DB-B77A-42DBEED0BA11}"
EndProject
Project("{9A19103F-16F7-4668-BE54-9A1E7A4F7556}") = "DBModel", "DBModel\DBModel.csproj", "{C25B87B8-70E7-43EA-8BEC-07D27759FE60}"
EndProject
Project("{9A19103F-16F7-4668-BE54-9A1E7A4F7556}") = "Serializer", "Serialize\Serializer.csproj", "{208AEEFF-5285-41D7-AFBD-7973EF32BF48}"
EndProject
Project("{9A19103F-16F7-4668-BE54-9A1E7A4F7556}") = "DBSqlite", "DBSqlite\DBSqlite.csproj", "{45AE83AE-CEE5-442B-9BF8-024D98070B73}"
EndProject
Project("{9A19103F-16F7-4668-BE54-9A1E7A4F7556}") = "BerkeleyDB", "BerkeleyDB\BerkeleyDB.csproj", "{45A6F622-73B5-420D-962E-F0D8A133F14A}"
EndProject
Project("{9A19103F-16F7-4668-BE54-9A1E7A4F7556}") = "SQLDB", "SQLDB\SQLDB.csproj", "{E845CAE0-5C64-4724-8754-6F9E9C48E61B}"
EndProject
Project("{FAE04EC0-301F-11D3-BF4B-00C04F79EFBC}") = "ConsoleApp1", "ConsoleApp1\ConsoleApp1.csproj", "{3CC95FCF-B2F4-466B-B23A-F53C74BF1190}"
EndProject
Project("{9A19103F-16F7-4668-BE54-9A1E7A4F7556}") = "ISQLDB", "ISQLDB\ISQLDB.csproj", "{9712DA43-4E97-4A21-AFDB-41F008A095AF}"
EndProject
Project("{9A19103F-16F7-4668-BE54-9A1E7A4F7556}") = "PGLDB", "PGLDB\PGLDB.csproj", "{4B356C98-C258-44DC-931F-7B7E1FD4233A}"
EndProject
Project("{9A19103F-16F7-4668-BE54-9A1E7A4F7556}") = "NetSocket", "NetSocket\NetSocket.csproj", "{B4AB566E-D049-4B4D-A29A-7BC81EFA1253}"
EndProject
Project("{FAE04EC0-301F-11D3-BF4B-00C04F79EFBC}") = "ConsoleApp2", "ConsoleApp2\ConsoleApp2.csproj", "{B0DB47E9-F53B-472B-B5BB-621AA1B8AB64}"
EndProject
Project("{9A19103F-16F7-4668-BE54-9A1E7A4F7556}") = "Hikari", "Hikari\Hikari.csproj", "{2E2D41A4-88D4-4FB6-AF29-CEA9822840CC}"
EndProject
Project("{9A19103F-16F7-4668-BE54-9A1E7A4F7556}") = "DBServer", "IDBServer\DBServer.csproj", "{5BE35967-5C5A-4C9F-8968-9F518F1F062C}"
EndProject
Project("{9A19103F-16F7-4668-BE54-9A1E7A4F7556}") = "RedisClient", "RedisClient\RedisClient.csproj", "{EAE39DCB-9555-4AD9-B01A-D677B062B20F}"
EndProject
Project("{FAE04EC0-301F-11D3-BF4B-00C04F79EFBC}") = "nexcsDB", "nexcs\nexcsDB.csproj", "{FB4E53AC-EB0C-4153-BAC0-678731F70BB2}"
EndProject
Project("{9A19103F-16F7-4668-BE54-9A1E7A4F7556}") = "CoreWatcher", "CoreWatcher\CoreWatcher.csproj", "{8F58E90D-D339-4B56-8C99-4F7ED4E5EA1D}"
EndProject
Project("{FAE04EC0-301F-11D3-BF4B-00C04F79EFBC}") = "NWatcher", "NWatcher\NWatcher.csproj", "{F1DEA0F6-2605-4426-AEF1-8F1C0599778C}"
EndProject
Project("{FAE04EC0-301F-11D3-BF4B-00C04F79EFBC}") = "Client", "Client\Client.csproj", "{211E3BDF-4BA6-4763-9D13-BB63F5E64CDB}"
EndProject
Project("{FAE04EC0-301F-11D3-BF4B-00C04F79EFBC}") = "QueryPage", "QueryPage\QueryPage.csproj", "{184D05F3-7153-4302-90C6-81954DCB1DF5}"
EndProject
Global
	GlobalSection(SolutionConfigurationPlatforms) = preSolution
		Debug|Any CPU = Debug|Any CPU
		Debug|x64 = Debug|x64
		Release|Any CPU = Release|Any CPU
		Release|x64 = Release|x64
	EndGlobalSection
	GlobalSection(ProjectConfigurationPlatforms) = postSolution
		{08F25283-A98A-44DB-B77A-42DBEED0BA11}.Debug|Any CPU.ActiveCfg = Debug|Any CPU
		{08F25283-A98A-44DB-B77A-42DBEED0BA11}.Debug|Any CPU.Build.0 = Debug|Any CPU
		{08F25283-A98A-44DB-B77A-42DBEED0BA11}.Debug|x64.ActiveCfg = Debug|x64
		{08F25283-A98A-44DB-B77A-42DBEED0BA11}.Debug|x64.Build.0 = Debug|x64
		{08F25283-A98A-44DB-B77A-42DBEED0BA11}.Release|Any CPU.ActiveCfg = Release|Any CPU
		{08F25283-A98A-44DB-B77A-42DBEED0BA11}.Release|Any CPU.Build.0 = Release|Any CPU
		{08F25283-A98A-44DB-B77A-42DBEED0BA11}.Release|x64.ActiveCfg = Release|x64
		{08F25283-A98A-44DB-B77A-42DBEED0BA11}.Release|x64.Build.0 = Release|x64
		{C25B87B8-70E7-43EA-8BEC-07D27759FE60}.Debug|Any CPU.ActiveCfg = Debug|Any CPU
		{C25B87B8-70E7-43EA-8BEC-07D27759FE60}.Debug|Any CPU.Build.0 = Debug|Any CPU
		{C25B87B8-70E7-43EA-8BEC-07D27759FE60}.Debug|x64.ActiveCfg = Debug|x64
		{C25B87B8-70E7-43EA-8BEC-07D27759FE60}.Debug|x64.Build.0 = Debug|x64
		{C25B87B8-70E7-43EA-8BEC-07D27759FE60}.Release|Any CPU.ActiveCfg = Release|Any CPU
		{C25B87B8-70E7-43EA-8BEC-07D27759FE60}.Release|Any CPU.Build.0 = Release|Any CPU
		{C25B87B8-70E7-43EA-8BEC-07D27759FE60}.Release|x64.ActiveCfg = Release|x64
		{C25B87B8-70E7-43EA-8BEC-07D27759FE60}.Release|x64.Build.0 = Release|x64
		{208AEEFF-5285-41D7-AFBD-7973EF32BF48}.Debug|Any CPU.ActiveCfg = Debug|Any CPU
		{208AEEFF-5285-41D7-AFBD-7973EF32BF48}.Debug|Any CPU.Build.0 = Debug|Any CPU
		{208AEEFF-5285-41D7-AFBD-7973EF32BF48}.Debug|x64.ActiveCfg = Debug|x64
		{208AEEFF-5285-41D7-AFBD-7973EF32BF48}.Debug|x64.Build.0 = Debug|x64
		{208AEEFF-5285-41D7-AFBD-7973EF32BF48}.Release|Any CPU.ActiveCfg = Release|Any CPU
		{208AEEFF-5285-41D7-AFBD-7973EF32BF48}.Release|Any CPU.Build.0 = Release|Any CPU
		{208AEEFF-5285-41D7-AFBD-7973EF32BF48}.Release|x64.ActiveCfg = Release|x64
		{208AEEFF-5285-41D7-AFBD-7973EF32BF48}.Release|x64.Build.0 = Release|x64
		{45AE83AE-CEE5-442B-9BF8-024D98070B73}.Debug|Any CPU.ActiveCfg = Debug|Any CPU
		{45AE83AE-CEE5-442B-9BF8-024D98070B73}.Debug|Any CPU.Build.0 = Debug|Any CPU
		{45AE83AE-CEE5-442B-9BF8-024D98070B73}.Debug|x64.ActiveCfg = Debug|x64
		{45AE83AE-CEE5-442B-9BF8-024D98070B73}.Debug|x64.Build.0 = Debug|x64
		{45AE83AE-CEE5-442B-9BF8-024D98070B73}.Release|Any CPU.ActiveCfg = Release|Any CPU
		{45AE83AE-CEE5-442B-9BF8-024D98070B73}.Release|Any CPU.Build.0 = Release|Any CPU
		{45AE83AE-CEE5-442B-9BF8-024D98070B73}.Release|x64.ActiveCfg = Release|x64
		{45AE83AE-CEE5-442B-9BF8-024D98070B73}.Release|x64.Build.0 = Release|x64
		{45A6F622-73B5-420D-962E-F0D8A133F14A}.Debug|Any CPU.ActiveCfg = Debug|Any CPU
		{45A6F622-73B5-420D-962E-F0D8A133F14A}.Debug|Any CPU.Build.0 = Debug|Any CPU
		{45A6F622-73B5-420D-962E-F0D8A133F14A}.Debug|x64.ActiveCfg = Debug|x64
		{45A6F622-73B5-420D-962E-F0D8A133F14A}.Debug|x64.Build.0 = Debug|x64
		{45A6F622-73B5-420D-962E-F0D8A133F14A}.Release|Any CPU.ActiveCfg = Release|Any CPU
		{45A6F622-73B5-420D-962E-F0D8A133F14A}.Release|Any CPU.Build.0 = Release|Any CPU
		{45A6F622-73B5-420D-962E-F0D8A133F14A}.Release|x64.ActiveCfg = Release|x64
		{45A6F622-73B5-420D-962E-F0D8A133F14A}.Release|x64.Build.0 = Release|x64
		{E845CAE0-5C64-4724-8754-6F9E9C48E61B}.Debug|Any CPU.ActiveCfg = Debug|Any CPU
		{E845CAE0-5C64-4724-8754-6F9E9C48E61B}.Debug|Any CPU.Build.0 = Debug|Any CPU
		{E845CAE0-5C64-4724-8754-6F9E9C48E61B}.Debug|x64.ActiveCfg = Debug|x64
		{E845CAE0-5C64-4724-8754-6F9E9C48E61B}.Debug|x64.Build.0 = Debug|x64
		{E845CAE0-5C64-4724-8754-6F9E9C48E61B}.Release|Any CPU.ActiveCfg = Release|Any CPU
		{E845CAE0-5C64-4724-8754-6F9E9C48E61B}.Release|Any CPU.Build.0 = Release|Any CPU
		{E845CAE0-5C64-4724-8754-6F9E9C48E61B}.Release|x64.ActiveCfg = Release|x64
		{E845CAE0-5C64-4724-8754-6F9E9C48E61B}.Release|x64.Build.0 = Release|x64
		{3CC95FCF-B2F4-466B-B23A-F53C74BF1190}.Debug|Any CPU.ActiveCfg = Debug|Any CPU
		{3CC95FCF-B2F4-466B-B23A-F53C74BF1190}.Debug|Any CPU.Build.0 = Debug|Any CPU
		{3CC95FCF-B2F4-466B-B23A-F53C74BF1190}.Debug|x64.ActiveCfg = Debug|x64
		{3CC95FCF-B2F4-466B-B23A-F53C74BF1190}.Debug|x64.Build.0 = Debug|x64
		{3CC95FCF-B2F4-466B-B23A-F53C74BF1190}.Release|Any CPU.ActiveCfg = Release|Any CPU
		{3CC95FCF-B2F4-466B-B23A-F53C74BF1190}.Release|Any CPU.Build.0 = Release|Any CPU
		{3CC95FCF-B2F4-466B-B23A-F53C74BF1190}.Release|x64.ActiveCfg = Release|x64
		{3CC95FCF-B2F4-466B-B23A-F53C74BF1190}.Release|x64.Build.0 = Release|x64
		{9712DA43-4E97-4A21-AFDB-41F008A095AF}.Debug|Any CPU.ActiveCfg = Debug|Any CPU
		{9712DA43-4E97-4A21-AFDB-41F008A095AF}.Debug|Any CPU.Build.0 = Debug|Any CPU
		{9712DA43-4E97-4A21-AFDB-41F008A095AF}.Debug|x64.ActiveCfg = Debug|Any CPU
		{9712DA43-4E97-4A21-AFDB-41F008A095AF}.Debug|x64.Build.0 = Debug|Any CPU
		{9712DA43-4E97-4A21-AFDB-41F008A095AF}.Release|Any CPU.ActiveCfg = Release|Any CPU
		{9712DA43-4E97-4A21-AFDB-41F008A095AF}.Release|Any CPU.Build.0 = Release|Any CPU
		{9712DA43-4E97-4A21-AFDB-41F008A095AF}.Release|x64.ActiveCfg = Release|Any CPU
		{9712DA43-4E97-4A21-AFDB-41F008A095AF}.Release|x64.Build.0 = Release|Any CPU
		{4B356C98-C258-44DC-931F-7B7E1FD4233A}.Debug|Any CPU.ActiveCfg = Debug|Any CPU
		{4B356C98-C258-44DC-931F-7B7E1FD4233A}.Debug|Any CPU.Build.0 = Debug|Any CPU
		{4B356C98-C258-44DC-931F-7B7E1FD4233A}.Debug|x64.ActiveCfg = Debug|Any CPU
		{4B356C98-C258-44DC-931F-7B7E1FD4233A}.Debug|x64.Build.0 = Debug|Any CPU
		{4B356C98-C258-44DC-931F-7B7E1FD4233A}.Release|Any CPU.ActiveCfg = Release|Any CPU
		{4B356C98-C258-44DC-931F-7B7E1FD4233A}.Release|Any CPU.Build.0 = Release|Any CPU
		{4B356C98-C258-44DC-931F-7B7E1FD4233A}.Release|x64.ActiveCfg = Release|Any CPU
		{4B356C98-C258-44DC-931F-7B7E1FD4233A}.Release|x64.Build.0 = Release|Any CPU
		{B4AB566E-D049-4B4D-A29A-7BC81EFA1253}.Debug|Any CPU.ActiveCfg = Debug|Any CPU
		{B4AB566E-D049-4B4D-A29A-7BC81EFA1253}.Debug|Any CPU.Build.0 = Debug|Any CPU
		{B4AB566E-D049-4B4D-A29A-7BC81EFA1253}.Debug|x64.ActiveCfg = Debug|Any CPU
		{B4AB566E-D049-4B4D-A29A-7BC81EFA1253}.Debug|x64.Build.0 = Debug|Any CPU
		{B4AB566E-D049-4B4D-A29A-7BC81EFA1253}.Release|Any CPU.ActiveCfg = Release|Any CPU
		{B4AB566E-D049-4B4D-A29A-7BC81EFA1253}.Release|Any CPU.Build.0 = Release|Any CPU
		{B4AB566E-D049-4B4D-A29A-7BC81EFA1253}.Release|x64.ActiveCfg = Release|Any CPU
		{B4AB566E-D049-4B4D-A29A-7BC81EFA1253}.Release|x64.Build.0 = Release|Any CPU
		{B0DB47E9-F53B-472B-B5BB-621AA1B8AB64}.Debug|Any CPU.ActiveCfg = Debug|Any CPU
		{B0DB47E9-F53B-472B-B5BB-621AA1B8AB64}.Debug|Any CPU.Build.0 = Debug|Any CPU
		{B0DB47E9-F53B-472B-B5BB-621AA1B8AB64}.Debug|x64.ActiveCfg = Debug|Any CPU
		{B0DB47E9-F53B-472B-B5BB-621AA1B8AB64}.Debug|x64.Build.0 = Debug|Any CPU
		{B0DB47E9-F53B-472B-B5BB-621AA1B8AB64}.Release|Any CPU.ActiveCfg = Release|Any CPU
		{B0DB47E9-F53B-472B-B5BB-621AA1B8AB64}.Release|Any CPU.Build.0 = Release|Any CPU
		{B0DB47E9-F53B-472B-B5BB-621AA1B8AB64}.Release|x64.ActiveCfg = Release|Any CPU
		{B0DB47E9-F53B-472B-B5BB-621AA1B8AB64}.Release|x64.Build.0 = Release|Any CPU
		{2E2D41A4-88D4-4FB6-AF29-CEA9822840CC}.Debug|Any CPU.ActiveCfg = Debug|Any CPU
		{2E2D41A4-88D4-4FB6-AF29-CEA9822840CC}.Debug|Any CPU.Build.0 = Debug|Any CPU
		{2E2D41A4-88D4-4FB6-AF29-CEA9822840CC}.Debug|x64.ActiveCfg = Debug|Any CPU
		{2E2D41A4-88D4-4FB6-AF29-CEA9822840CC}.Debug|x64.Build.0 = Debug|Any CPU
		{2E2D41A4-88D4-4FB6-AF29-CEA9822840CC}.Release|Any CPU.ActiveCfg = Release|Any CPU
		{2E2D41A4-88D4-4FB6-AF29-CEA9822840CC}.Release|Any CPU.Build.0 = Release|Any CPU
		{2E2D41A4-88D4-4FB6-AF29-CEA9822840CC}.Release|x64.ActiveCfg = Release|Any CPU
		{2E2D41A4-88D4-4FB6-AF29-CEA9822840CC}.Release|x64.Build.0 = Release|Any CPU
		{5BE35967-5C5A-4C9F-8968-9F518F1F062C}.Debug|Any CPU.ActiveCfg = Debug|Any CPU
		{5BE35967-5C5A-4C9F-8968-9F518F1F062C}.Debug|Any CPU.Build.0 = Debug|Any CPU
		{5BE35967-5C5A-4C9F-8968-9F518F1F062C}.Debug|x64.ActiveCfg = Debug|Any CPU
		{5BE35967-5C5A-4C9F-8968-9F518F1F062C}.Debug|x64.Build.0 = Debug|Any CPU
		{5BE35967-5C5A-4C9F-8968-9F518F1F062C}.Release|Any CPU.ActiveCfg = Release|Any CPU
		{5BE35967-5C5A-4C9F-8968-9F518F1F062C}.Release|Any CPU.Build.0 = Release|Any CPU
		{5BE35967-5C5A-4C9F-8968-9F518F1F062C}.Release|x64.ActiveCfg = Release|Any CPU
		{5BE35967-5C5A-4C9F-8968-9F518F1F062C}.Release|x64.Build.0 = Release|Any CPU
		{EAE39DCB-9555-4AD9-B01A-D677B062B20F}.Debug|Any CPU.ActiveCfg = Debug|Any CPU
		{EAE39DCB-9555-4AD9-B01A-D677B062B20F}.Debug|Any CPU.Build.0 = Debug|Any CPU
		{EAE39DCB-9555-4AD9-B01A-D677B062B20F}.Debug|x64.ActiveCfg = Debug|Any CPU
		{EAE39DCB-9555-4AD9-B01A-D677B062B20F}.Debug|x64.Build.0 = Debug|Any CPU
		{EAE39DCB-9555-4AD9-B01A-D677B062B20F}.Release|Any CPU.ActiveCfg = Release|Any CPU
		{EAE39DCB-9555-4AD9-B01A-D677B062B20F}.Release|Any CPU.Build.0 = Release|Any CPU
		{EAE39DCB-9555-4AD9-B01A-D677B062B20F}.Release|x64.ActiveCfg = Release|Any CPU
		{EAE39DCB-9555-4AD9-B01A-D677B062B20F}.Release|x64.Build.0 = Release|Any CPU
		{FB4E53AC-EB0C-4153-BAC0-678731F70BB2}.Debug|Any CPU.ActiveCfg = Debug|Any CPU
		{FB4E53AC-EB0C-4153-BAC0-678731F70BB2}.Debug|Any CPU.Build.0 = Debug|Any CPU
		{FB4E53AC-EB0C-4153-BAC0-678731F70BB2}.Debug|x64.ActiveCfg = Debug|Any CPU
		{FB4E53AC-EB0C-4153-BAC0-678731F70BB2}.Debug|x64.Build.0 = Debug|Any CPU
		{FB4E53AC-EB0C-4153-BAC0-678731F70BB2}.Release|Any CPU.ActiveCfg = Release|Any CPU
		{FB4E53AC-EB0C-4153-BAC0-678731F70BB2}.Release|Any CPU.Build.0 = Release|Any CPU
		{FB4E53AC-EB0C-4153-BAC0-678731F70BB2}.Release|x64.ActiveCfg = Release|Any CPU
		{FB4E53AC-EB0C-4153-BAC0-678731F70BB2}.Release|x64.Build.0 = Release|Any CPU
		{8F58E90D-D339-4B56-8C99-4F7ED4E5EA1D}.Debug|Any CPU.ActiveCfg = Debug|Any CPU
		{8F58E90D-D339-4B56-8C99-4F7ED4E5EA1D}.Debug|Any CPU.Build.0 = Debug|Any CPU
		{8F58E90D-D339-4B56-8C99-4F7ED4E5EA1D}.Debug|x64.ActiveCfg = Debug|Any CPU
		{8F58E90D-D339-4B56-8C99-4F7ED4E5EA1D}.Debug|x64.Build.0 = Debug|Any CPU
		{8F58E90D-D339-4B56-8C99-4F7ED4E5EA1D}.Release|Any CPU.ActiveCfg = Release|Any CPU
		{8F58E90D-D339-4B56-8C99-4F7ED4E5EA1D}.Release|Any CPU.Build.0 = Release|Any CPU
		{8F58E90D-D339-4B56-8C99-4F7ED4E5EA1D}.Release|x64.ActiveCfg = Release|Any CPU
		{8F58E90D-D339-4B56-8C99-4F7ED4E5EA1D}.Release|x64.Build.0 = Release|Any CPU
		{F1DEA0F6-2605-4426-AEF1-8F1C0599778C}.Debug|Any CPU.ActiveCfg = Debug|Any CPU
		{F1DEA0F6-2605-4426-AEF1-8F1C0599778C}.Debug|Any CPU.Build.0 = Debug|Any CPU
		{F1DEA0F6-2605-4426-AEF1-8F1C0599778C}.Debug|x64.ActiveCfg = Debug|Any CPU
		{F1DEA0F6-2605-4426-AEF1-8F1C0599778C}.Debug|x64.Build.0 = Debug|Any CPU
		{F1DEA0F6-2605-4426-AEF1-8F1C0599778C}.Release|Any CPU.ActiveCfg = Release|Any CPU
		{F1DEA0F6-2605-4426-AEF1-8F1C0599778C}.Release|Any CPU.Build.0 = Release|Any CPU
		{F1DEA0F6-2605-4426-AEF1-8F1C0599778C}.Release|x64.ActiveCfg = Release|Any CPU
		{F1DEA0F6-2605-4426-AEF1-8F1C0599778C}.Release|x64.Build.0 = Release|Any CPU
		{211E3BDF-4BA6-4763-9D13-BB63F5E64CDB}.Debug|Any CPU.ActiveCfg = Debug|Any CPU
		{211E3BDF-4BA6-4763-9D13-BB63F5E64CDB}.Debug|Any CPU.Build.0 = Debug|Any CPU
		{211E3BDF-4BA6-4763-9D13-BB63F5E64CDB}.Debug|x64.ActiveCfg = Debug|Any CPU
		{211E3BDF-4BA6-4763-9D13-BB63F5E64CDB}.Debug|x64.Build.0 = Debug|Any CPU
		{211E3BDF-4BA6-4763-9D13-BB63F5E64CDB}.Release|Any CPU.ActiveCfg = Release|Any CPU
		{211E3BDF-4BA6-4763-9D13-BB63F5E64CDB}.Release|Any CPU.Build.0 = Release|Any CPU
		{211E3BDF-4BA6-4763-9D13-BB63F5E64CDB}.Release|x64.ActiveCfg = Release|Any CPU
		{211E3BDF-4BA6-4763-9D13-BB63F5E64CDB}.Release|x64.Build.0 = Release|Any CPU
		{184D05F3-7153-4302-90C6-81954DCB1DF5}.Debug|Any CPU.ActiveCfg = Debug|Any CPU
		{184D05F3-7153-4302-90C6-81954DCB1DF5}.Debug|Any CPU.Build.0 = Debug|Any CPU
		{184D05F3-7153-4302-90C6-81954DCB1DF5}.Debug|x64.ActiveCfg = Debug|Any CPU
		{184D05F3-7153-4302-90C6-81954DCB1DF5}.Debug|x64.Build.0 = Debug|Any CPU
		{184D05F3-7153-4302-90C6-81954DCB1DF5}.Release|Any CPU.ActiveCfg = Release|Any CPU
		{184D05F3-7153-4302-90C6-81954DCB1DF5}.Release|Any CPU.Build.0 = Release|Any CPU
		{184D05F3-7153-4302-90C6-81954DCB1DF5}.Release|x64.ActiveCfg = Release|Any CPU
		{184D05F3-7153-4302-90C6-81954DCB1DF5}.Release|x64.Build.0 = Release|Any CPU
	EndGlobalSection
	GlobalSection(SolutionProperties) = preSolution
		HideSolutionNode = FALSE
	EndGlobalSection
	GlobalSection(ExtensibilityGlobals) = postSolution
		SolutionGuid = {B1B443B6-3CCD-4204-9D51-F307277AD3DF}
	EndGlobalSection
EndGlobal
